Microsoft Visual Studio Solution File, Format Version 12.00
# Visual Studio Version 18
VisualStudioVersion = 18.0.11109.194
MinimumVisualStudioVersion = 10.0.40219.1
Project("{8BC9CEB8-8B4A-11D0-8D11-00A0C91BC942}") = "InjectorLab", "samples\classic-dll-injection\InjectorLab.vcxproj", "{2C0A3FC9-7E8A-4C86-8C5F-4C51236B51A1}"
	ProjectSection(ProjectDependencies) = postProject
		{51FB151E-843A-4EF2-8E80-3E6D6450B90A} = {51FB151E-843A-4EF2-8E80-3E6D6450B90A}
	EndProjectSection
EndProject
Project("{8BC9CEB8-8B4A-11D0-8D11-00A0C91BC942}") = "TrainingDll", "samples\classic-dll-injection\TrainingDll.vcxproj", "{51FB151E-843A-4EF2-8E80-3E6D6450B90A}"
EndProject
Global
	GlobalSection(SolutionConfigurationPlatforms) = preSolution
		Debug|x64 = Debug|x64
		Release|x64 = Release|x64
	EndGlobalSection
	GlobalSection(ProjectConfigurationPlatforms) = postSolution
		{2C0A3FC9-7E8A-4C86-8C5F-4C51236B51A1}.Debug|x64.ActiveCfg = Debug|x64
		{2C0A3FC9-7E8A-4C86-8C5F-4C51236B51A1}.Debug|x64.Build.0 = Debug|x64
		{2C0A3FC9-7E8A-4C86-8C5F-4C51236B51A1}.Release|x64.ActiveCfg = Release|x64
		{2C0A3FC9-7E8A-4C86-8C5F-4C51236B51A1}.Release|x64.Build.0 = Release|x64
		{51FB151E-843A-4EF2-8E80-3E6D6450B90A}.Debug|x64.ActiveCfg = Debug|x64
		{51FB151E-843A-4EF2-8E80-3E6D6450B90A}.Debug|x64.Build.0 = Debug|x64
		{51FB151E-843A-4EF2-8E80-3E6D6450B90A}.Release|x64.ActiveCfg = Release|x64
		{51FB151E-843A-4EF2-8E80-3E6D6450B90A}.Release|x64.Build.0 = Release|x64
	EndGlobalSection
	GlobalSection(SolutionProperties) = preSolution
		HideSolutionNode = FALSE
	EndGlobalSection
EndGlobal
