<?xml version="1.0" encoding="utf-8"?>
<Project ToolsVersion="4.0" xmlns="http://schemas.microsoft.com/developer/msbuild/2003">
  <ItemGroup>
    <Filter Include="Source Files">
      <UniqueIdentifier>{3662738D-6D6F-42F6-A064-85F474619E50}</UniqueIdentifier>
      <Extensions>cpp;c;cc;cxx;c++;def;odl;idl;hpj;bat;asm;asmx</Extensions>
    </Filter>
    <Filter Include="Header Files">
      <UniqueIdentifier>{2F4F5D7E-A531-43C6-9154-AB70512F0307}</UniqueIdentifier>
      <Extensions>h;hh;hpp;hxx;h++;hm;inl;inc;ipp;xsd</Extensions>
    </Filter>
    <Filter Include="Source Files\common">
      <UniqueIdentifier>{7EE85548-579A-4932-8705-59FDD7F9FA72}</UniqueIdentifier>
    </Filter>
    <Filter Include="Source Files\impl">
      <UniqueIdentifier>{E6B63F64-499F-4486-B33A-56564B7D4F8B}</UniqueIdentifier>
    </Filter>
    <Filter Include="Header Files\common">
      <UniqueIdentifier>{F383EE67-D944-4FAD-B1E3-5D3A7EA1C874}</UniqueIdentifier>
    </Filter>
    <Filter Include="Header Files\impl">
      <UniqueIdentifier>{2406D710-8D8B-4A5E-93F6-44099C356CB4}</UniqueIdentifier>
    </Filter>
  </ItemGroup>
  <ItemGroup>
    <ClCompile Include="main.cpp">
      <Filter>Source Files</Filter>
    </ClCompile>
    <ClCompile Include="common\TargetProcess.cpp">
      <Filter>Source Files\common</Filter>
    </ClCompile>
    <ClCompile Include="common\Win32Helpers.cpp">
      <Filter>Source Files\common</Filter>
    </ClCompile>
    <ClCompile Include="impl\LoadLibraryRemoteThread.cpp">
      <Filter>Source Files\impl</Filter>
    </ClCompile>
  </ItemGroup>
  <ItemGroup>
    <ClInclude Include="common\Handle.h">
      <Filter>Header Files\common</Filter>
    </ClInclude>
    <ClInclude Include="common\TargetProcess.h">
      <Filter>Header Files\common</Filter>
    </ClInclude>
    <ClInclude Include="common\Win32Helpers.h">
      <Filter>Header Files\common</Filter>
    </ClInclude>
    <ClInclude Include="impl\LoadLibraryRemoteThread.h">
      <Filter>Header Files\impl</Filter>
    </ClInclude>
  </ItemGroup>
</Project>
